<?xml version="1.0" encoding="utf-8"?>
<Project ToolsVersion="4.0" xmlns="http://schemas.microsoft.com/developer/msbuild/2003">
  <ItemGroup>
    <Filter Include="Main">
      <UniqueIdentifier>{ddad3c48-cbe4-4d94-870c-1cff4b6eb790}</UniqueIdentifier>
    </Filter>
    <Filter Include="Panel">
      <UniqueIdentifier>{d4c28c1b-96b3-4784-8566-443db5a331b7}</UniqueIdentifier>
    </Filter>
    <Filter Include="Commander">
      <UniqueIdentifier>{d50eb5f7-ac1d-4926-96a0-972af9a01d03}</UniqueIdentifier>
    </Filter>
    <Filter Include="Asm_Tools">
      <UniqueIdentifier>{100b1415-3867-4d90-9bcc-3242b5ddd1c3}</UniqueIdentifier>
    </Filter>
    <Filter Include="Common">
      <UniqueIdentifier>{38988feb-5407-4adf-ac13-25cbf2710914}</UniqueIdentifier>
    </Filter>
  </ItemGroup>
  <ItemGroup>
    <ClCompile Include="Main.cpp">
      <Filter>Main</Filter>
    </ClCompile>
    <ClCompile Include="Panel.cpp">
      <Filter>Panel</Filter>
    </ClCompile>
    <ClCompile Include="Commander.cpp">
      <Filter>Commander</Filter>
    </ClCompile>
    <ClCompile Include="Common.cpp">
      <Filter>Common</Filter>
    </ClCompile>
  </ItemGroup>
  <ItemGroup>
    <ClInclude Include="Main.h">
      <Filter>Main</Filter>
    </ClInclude>
    <ClInclude Include="Panel.h">
      <Filter>Panel</Filter>
    </ClInclude>
    <ClInclude Include="Commander.h">
      <Filter>Commander</Filter>
    </ClInclude>
    <ClInclude Include="Asm_Tools_Interface.h">
      <Filter>Asm_Tools</Filter>
    </ClInclude>
    <ClInclude Include="Common.h">
      <Filter>Common</Filter>
    </ClInclude>
  </ItemGroup>
  <ItemGroup>
    <MASM Include="Asm_Tools.asm">
      <Filter>Asm_Tools</Filter>
    </MASM>
  </ItemGroup>
</Project>